{
    "_meta": {
        "hash": {
            "sha256": "83593ba4bc96e05bab07f5810bf3ad3682b60fbacf663eb1fba979a5185c835b"
        },
        "pipfile-spec": 6,
        "requires": {
            "python_version": "2.7"
        },
        "sources": [
            {
                "name": "pypi",
                "url": "https://pypi.org/simple",
                "verify_ssl": true
            }
        ]
    },
    "default": {
        "cheetah": {
            "hashes": [
                "sha256:be308229f0c1e5e5af4f27d7ee06d90bb19e6af3059794e5fd536a6f29a9b550"
            ],
            "index": "pypi",
            "version": "==2.4.4"
        },
        "markdown": {
            "hashes": [
                "sha256:2e50876bcdd74517e7b71f3e7a76102050edec255b3983403f1a63e7c8a41e7a",
                "sha256:56a46ac655704b91e5b7e6326ce43d5ef72411376588afa1dd90e881b83c7e8c"
            ],
            "version": "==3.1.1"
        }
    },
    "develop": {}
}
